
Microsoft Visual Studio Solution File, Format Version 12.00
# Visual Studio 15
VisualStudioVersion = 15.0.28010.2046
MinimumVisualStudioVersion = 10.0.40219.1
Project("{9A19103F-16F7-4668-BE54-9A1E7A4F7556}") = "BetEasy", "BetEasy.csproj", "{82C197DD-2F70-4917-848E-50982CC0C202}"
EndProject
Global
	GlobalSection(SolutionConfigurationPlatforms) = preSolution
		Debug|Any CPU = Debug|Any CPU
		Release|Any CPU = Release|Any CPU
	EndGlobalSection
	GlobalSection(ProjectConfigurationPlatforms) = postSolution
		{82C197DD-2F70-4917-848E-50982CC0C202}.Debug|Any CPU.ActiveCfg = Debug|Any CPU
		{82C197DD-2F70-4917-848E-50982CC0C202}.Debug|Any CPU.Build.0 = Debug|Any CPU
		{82C197DD-2F70-4917-848E-50982CC0C202}.Release|Any CPU.ActiveCfg = Release|Any CPU
		{82C197DD-2F70-4917-848E-50982CC0C202}.Release|Any CPU.Build.0 = Release|Any CPU
	EndGlobalSection
	GlobalSection(SolutionProperties) = preSolution
		HideSolutionNode = FALSE
	EndGlobalSection
	GlobalSection(ExtensibilityGlobals) = postSolution
		SolutionGuid = {BCE4C4A5-83FD-49E4-A15C-F923BB2D8192}
	EndGlobalSection
EndGlobal
